
Microsoft Visual Studio Solution File, Format Version 12.00
# Visual Studio Version 16
VisualStudioVersion = 25.0.1706.5
MinimumVisualStudioVersion = 10.0.40219.1
Project("{FAE04EC0-301F-11D3-BF4B-00C04F79EFBC}") = "activitat2", "activitat2\activitat2.csproj", "{72BBB1E6-943A-4862-A74A-5A11299AA36F}"
EndProject
Global
	GlobalSection(SolutionConfigurationPlatforms) = preSolution
		Debug|Any CPU = Debug|Any CPU
		Release|Any CPU = Release|Any CPU
	EndGlobalSection
	GlobalSection(ProjectConfigurationPlatforms) = postSolution
		{72BBB1E6-943A-4862-A74A-5A11299AA36F}.Debug|Any CPU.ActiveCfg = Debug|Any CPU
		{72BBB1E6-943A-4862-A74A-5A11299AA36F}.Debug|Any CPU.Build.0 = Debug|Any CPU
		{72BBB1E6-943A-4862-A74A-5A11299AA36F}.Release|Any CPU.ActiveCfg = Release|Any CPU
		{72BBB1E6-943A-4862-A74A-5A11299AA36F}.Release|Any CPU.Build.0 = Release|Any CPU
	EndGlobalSection
	GlobalSection(SolutionProperties) = preSolution
		HideSolutionNode = FALSE
	EndGlobalSection
	GlobalSection(ExtensibilityGlobals) = postSolution
		SolutionGuid = {92C6FA4D-ADF0-4C1A-9892-88CFAD8E5AD6}
	EndGlobalSection
EndGlobal
