
Microsoft Visual Studio Solution File, Format Version 12.00
# Visual Studio Version 16
VisualStudioVersion = 25.0.1706.5
MinimumVisualStudioVersion = 10.0.40219.1
Project("{FAE04EC0-301F-11D3-BF4B-00C04F79EFBC}") = "activitat1", "activitat1\activitat1.csproj", "{1B38E830-75B6-4DC1-867C-190AF169AA42}"
EndProject
Global
	GlobalSection(SolutionConfigurationPlatforms) = preSolution
		Debug|Any CPU = Debug|Any CPU
		Release|Any CPU = Release|Any CPU
	EndGlobalSection
	GlobalSection(ProjectConfigurationPlatforms) = postSolution
		{1B38E830-75B6-4DC1-867C-190AF169AA42}.Debug|Any CPU.ActiveCfg = Debug|Any CPU
		{1B38E830-75B6-4DC1-867C-190AF169AA42}.Debug|Any CPU.Build.0 = Debug|Any CPU
		{1B38E830-75B6-4DC1-867C-190AF169AA42}.Release|Any CPU.ActiveCfg = Release|Any CPU
		{1B38E830-75B6-4DC1-867C-190AF169AA42}.Release|Any CPU.Build.0 = Release|Any CPU
	EndGlobalSection
	GlobalSection(SolutionProperties) = preSolution
		HideSolutionNode = FALSE
	EndGlobalSection
	GlobalSection(ExtensibilityGlobals) = postSolution
		SolutionGuid = {D7C17731-7181-42A4-BD96-B02A19D86FF6}
	EndGlobalSection
EndGlobal
