
Microsoft Visual Studio Solution File, Format Version 12.00
# Visual Studio Version 17
VisualStudioVersion = 17.6.33815.320
MinimumVisualStudioVersion = 10.0.40219.1
Project("{FAE04EC0-301F-11D3-BF4B-00C04F79EFBC}") = "repte2", "repte2\repte2.csproj", "{510D2310-AA65-4A72-A3EA-CFABE2469646}"
EndProject
Global
	GlobalSection(SolutionConfigurationPlatforms) = preSolution
		Debug|Any CPU = Debug|Any CPU
		Release|Any CPU = Release|Any CPU
	EndGlobalSection
	GlobalSection(ProjectConfigurationPlatforms) = postSolution
		{510D2310-AA65-4A72-A3EA-CFABE2469646}.Debug|Any CPU.ActiveCfg = Debug|Any CPU
		{510D2310-AA65-4A72-A3EA-CFABE2469646}.Debug|Any CPU.Build.0 = Debug|Any CPU
		{510D2310-AA65-4A72-A3EA-CFABE2469646}.Release|Any CPU.ActiveCfg = Release|Any CPU
		{510D2310-AA65-4A72-A3EA-CFABE2469646}.Release|Any CPU.Build.0 = Release|Any CPU
	EndGlobalSection
	GlobalSection(SolutionProperties) = preSolution
		HideSolutionNode = FALSE
	EndGlobalSection
	GlobalSection(ExtensibilityGlobals) = postSolution
		SolutionGuid = {829D889A-6154-45E5-A4FA-0863DF6F18B4}
	EndGlobalSection
EndGlobal
