
Microsoft Visual Studio Solution File, Format Version 12.00
# Visual Studio Version 16
VisualStudioVersion = 25.0.1706.5
MinimumVisualStudioVersion = 10.0.40219.1
Project("{FAE04EC0-301F-11D3-BF4B-00C04F79EFBC}") = "activitat4", "activitat4\activitat4.csproj", "{FF1BA554-9AC2-4264-91CD-4D9B79077441}"
EndProject
Global
	GlobalSection(SolutionConfigurationPlatforms) = preSolution
		Debug|Any CPU = Debug|Any CPU
		Release|Any CPU = Release|Any CPU
	EndGlobalSection
	GlobalSection(ProjectConfigurationPlatforms) = postSolution
		{FF1BA554-9AC2-4264-91CD-4D9B79077441}.Debug|Any CPU.ActiveCfg = Debug|Any CPU
		{FF1BA554-9AC2-4264-91CD-4D9B79077441}.Debug|Any CPU.Build.0 = Debug|Any CPU
		{FF1BA554-9AC2-4264-91CD-4D9B79077441}.Release|Any CPU.ActiveCfg = Release|Any CPU
		{FF1BA554-9AC2-4264-91CD-4D9B79077441}.Release|Any CPU.Build.0 = Release|Any CPU
	EndGlobalSection
	GlobalSection(SolutionProperties) = preSolution
		HideSolutionNode = FALSE
	EndGlobalSection
	GlobalSection(ExtensibilityGlobals) = postSolution
		SolutionGuid = {0B7DFF60-94F1-4ABA-9DB8-AB8FA1BC627A}
	EndGlobalSection
EndGlobal
