
Microsoft Visual Studio Solution File, Format Version 12.00
# Visual Studio Version 16
VisualStudioVersion = 25.0.1706.5
MinimumVisualStudioVersion = 10.0.40219.1
Project("{FAE04EC0-301F-11D3-BF4B-00C04F79EFBC}") = "activitat5", "activitat5\activitat5.csproj", "{FBF7FB5A-B293-4F10-8DA2-F7AB090A8142}"
EndProject
Global
	GlobalSection(SolutionConfigurationPlatforms) = preSolution
		Debug|Any CPU = Debug|Any CPU
		Release|Any CPU = Release|Any CPU
	EndGlobalSection
	GlobalSection(ProjectConfigurationPlatforms) = postSolution
		{FBF7FB5A-B293-4F10-8DA2-F7AB090A8142}.Debug|Any CPU.ActiveCfg = Debug|Any CPU
		{FBF7FB5A-B293-4F10-8DA2-F7AB090A8142}.Debug|Any CPU.Build.0 = Debug|Any CPU
		{FBF7FB5A-B293-4F10-8DA2-F7AB090A8142}.Release|Any CPU.ActiveCfg = Release|Any CPU
		{FBF7FB5A-B293-4F10-8DA2-F7AB090A8142}.Release|Any CPU.Build.0 = Release|Any CPU
	EndGlobalSection
	GlobalSection(SolutionProperties) = preSolution
		HideSolutionNode = FALSE
	EndGlobalSection
	GlobalSection(ExtensibilityGlobals) = postSolution
		SolutionGuid = {C8023FA4-9658-47F7-89F9-88ED0C594FB4}
	EndGlobalSection
EndGlobal
